
Microsoft Visual Studio Solution File, Format Version 12.00
# Visual Studio Version 16
VisualStudioVersion = 16.0.810.14
MinimumVisualStudioVersion = 10.0.40219.1
Project("{FAE04EC0-301F-11D3-BF4B-00C04F79EFBC}") = "Homeworks", "Homeworks\Homeworks.csproj", "{F99D76F7-3730-4E40-8649-47119B212420}"
EndProject
Global
	GlobalSection(SolutionConfigurationPlatforms) = preSolution
		Debug|Any CPU = Debug|Any CPU
		Release|Any CPU = Release|Any CPU
	EndGlobalSection
	GlobalSection(ProjectConfigurationPlatforms) = postSolution
		{F99D76F7-3730-4E40-8649-47119B212420}.Debug|Any CPU.ActiveCfg = Debug|Any CPU
		{F99D76F7-3730-4E40-8649-47119B212420}.Debug|Any CPU.Build.0 = Debug|Any CPU
		{F99D76F7-3730-4E40-8649-47119B212420}.Release|Any CPU.ActiveCfg = Release|Any CPU
		{F99D76F7-3730-4E40-8649-47119B212420}.Release|Any CPU.Build.0 = Release|Any CPU
	EndGlobalSection
	GlobalSection(SolutionProperties) = preSolution
		HideSolutionNode = FALSE
	EndGlobalSection
	GlobalSection(ExtensibilityGlobals) = postSolution
		SolutionGuid = {91604DDE-DE6D-4369-B8D7-E39D1B1E9443}
	EndGlobalSection
EndGlobal
