
Microsoft Visual Studio Solution File, Format Version 12.00
# Visual Studio Version 16
VisualStudioVersion = 16.0.810.14
MinimumVisualStudioVersion = 10.0.40219.1
Project("{FAE04EC0-301F-11D3-BF4B-00C04F79EFBC}") = "Homeworks", "Homeworks\Homeworks.csproj", "{F99D76F7-3730-4E40-8649-47119B212420}"
EndProject
Project("{FAE04EC0-301F-11D3-BF4B-00C04F79EFBC}") = "1", "1\1.csproj", "{CEDE48FB-C972-4427-BC98-2EB820CA05EB}"
EndProject
Project("{FAE04EC0-301F-11D3-BF4B-00C04F79EFBC}") = "2", "2\2.csproj", "{28C586C2-4A4D-4BC0-B0C1-E9977AFFC259}"
EndProject
Project("{FAE04EC0-301F-11D3-BF4B-00C04F79EFBC}") = "4", "4\4.csproj", "{78A2252D-0E45-4610-90F8-C87F20AAE14A}"
EndProject
Project("{FAE04EC0-301F-11D3-BF4B-00C04F79EFBC}") = "5", "5\5.csproj", "{36B33082-1755-4C67-9ED6-B518C345CEBF}"
EndProject
Global
	GlobalSection(SolutionConfigurationPlatforms) = preSolution
		Debug|Any CPU = Debug|Any CPU
		Release|Any CPU = Release|Any CPU
	EndGlobalSection
	GlobalSection(ProjectConfigurationPlatforms) = postSolution
		{F99D76F7-3730-4E40-8649-47119B212420}.Debug|Any CPU.ActiveCfg = Debug|Any CPU
		{F99D76F7-3730-4E40-8649-47119B212420}.Debug|Any CPU.Build.0 = Debug|Any CPU
		{F99D76F7-3730-4E40-8649-47119B212420}.Release|Any CPU.ActiveCfg = Release|Any CPU
		{F99D76F7-3730-4E40-8649-47119B212420}.Release|Any CPU.Build.0 = Release|Any CPU
		{CEDE48FB-C972-4427-BC98-2EB820CA05EB}.Debug|Any CPU.ActiveCfg = Debug|Any CPU
		{CEDE48FB-C972-4427-BC98-2EB820CA05EB}.Debug|Any CPU.Build.0 = Debug|Any CPU
		{CEDE48FB-C972-4427-BC98-2EB820CA05EB}.Release|Any CPU.ActiveCfg = Release|Any CPU
		{CEDE48FB-C972-4427-BC98-2EB820CA05EB}.Release|Any CPU.Build.0 = Release|Any CPU
		{28C586C2-4A4D-4BC0-B0C1-E9977AFFC259}.Debug|Any CPU.ActiveCfg = Debug|Any CPU
		{28C586C2-4A4D-4BC0-B0C1-E9977AFFC259}.Debug|Any CPU.Build.0 = Debug|Any CPU
		{28C586C2-4A4D-4BC0-B0C1-E9977AFFC259}.Release|Any CPU.ActiveCfg = Release|Any CPU
		{28C586C2-4A4D-4BC0-B0C1-E9977AFFC259}.Release|Any CPU.Build.0 = Release|Any CPU
		{78A2252D-0E45-4610-90F8-C87F20AAE14A}.Debug|Any CPU.ActiveCfg = Debug|Any CPU
		{78A2252D-0E45-4610-90F8-C87F20AAE14A}.Debug|Any CPU.Build.0 = Debug|Any CPU
		{78A2252D-0E45-4610-90F8-C87F20AAE14A}.Release|Any CPU.ActiveCfg = Release|Any CPU
		{78A2252D-0E45-4610-90F8-C87F20AAE14A}.Release|Any CPU.Build.0 = Release|Any CPU
		{36B33082-1755-4C67-9ED6-B518C345CEBF}.Debug|Any CPU.ActiveCfg = Debug|Any CPU
		{36B33082-1755-4C67-9ED6-B518C345CEBF}.Debug|Any CPU.Build.0 = Debug|Any CPU
		{36B33082-1755-4C67-9ED6-B518C345CEBF}.Release|Any CPU.ActiveCfg = Release|Any CPU
		{36B33082-1755-4C67-9ED6-B518C345CEBF}.Release|Any CPU.Build.0 = Release|Any CPU
	EndGlobalSection
	GlobalSection(SolutionProperties) = preSolution
		HideSolutionNode = FALSE
	EndGlobalSection
	GlobalSection(ExtensibilityGlobals) = postSolution
		SolutionGuid = {91604DDE-DE6D-4369-B8D7-E39D1B1E9443}
	EndGlobalSection
EndGlobal
